
Microsoft Visual Studio Solution File, Format Version 12.00
Project("{FAE04EC0-301F-11D3-BF4B-00C04F79EFBC}") = "WebApp", "WebApp\WebApp.csproj", "{8801387B-B022-489C-91DC-A76797F41D71}"
EndProject
Project("{2150E333-8FDC-42A3-9474-1A3956D46DE8}") = "Solution Items", "Solution Items", "{CE8EFEB6-ABB5-4DA5-9A0A-795FEF28D343}"
ProjectSection(SolutionItems) = preProject
	Directory.Build.props = Directory.Build.props
EndProjectSection
EndProject
Project("{FAE04EC0-301F-11D3-BF4B-00C04F79EFBC}") = "Domain.App", "Domain.App\Domain.App.csproj", "{4468C92E-530B-4BCE-A286-022E5B8CD1F5}"
EndProject
Project("{FAE04EC0-301F-11D3-BF4B-00C04F79EFBC}") = "DAL.App.EF", "DAL.App.EF\DAL.App.EF.csproj", "{0C3AFC1A-79BE-40A9-B7DC-B5A1C67C5BDC}"
EndProject
Project("{FAE04EC0-301F-11D3-BF4B-00C04F79EFBC}") = "Extensions.Base", "Extensions.Base\Extensions.Base.csproj", "{08EC015C-4FFC-439F-A826-67E27AE22EC4}"
EndProject
Project("{FAE04EC0-301F-11D3-BF4B-00C04F79EFBC}") = "DTO.App", "DTO.App\DTO.App.csproj", "{26BA7EEE-FDE9-4484-BD78-5519A6C17CAA}"
EndProject
Global
	GlobalSection(SolutionConfigurationPlatforms) = preSolution
		Debug|Any CPU = Debug|Any CPU
		Release|Any CPU = Release|Any CPU
	EndGlobalSection
	GlobalSection(ProjectConfigurationPlatforms) = postSolution
		{8801387B-B022-489C-91DC-A76797F41D71}.Debug|Any CPU.ActiveCfg = Debug|Any CPU
		{8801387B-B022-489C-91DC-A76797F41D71}.Debug|Any CPU.Build.0 = Debug|Any CPU
		{8801387B-B022-489C-91DC-A76797F41D71}.Release|Any CPU.ActiveCfg = Release|Any CPU
		{8801387B-B022-489C-91DC-A76797F41D71}.Release|Any CPU.Build.0 = Release|Any CPU
		{4468C92E-530B-4BCE-A286-022E5B8CD1F5}.Debug|Any CPU.ActiveCfg = Debug|Any CPU
		{4468C92E-530B-4BCE-A286-022E5B8CD1F5}.Debug|Any CPU.Build.0 = Debug|Any CPU
		{4468C92E-530B-4BCE-A286-022E5B8CD1F5}.Release|Any CPU.ActiveCfg = Release|Any CPU
		{4468C92E-530B-4BCE-A286-022E5B8CD1F5}.Release|Any CPU.Build.0 = Release|Any CPU
		{0C3AFC1A-79BE-40A9-B7DC-B5A1C67C5BDC}.Debug|Any CPU.ActiveCfg = Debug|Any CPU
		{0C3AFC1A-79BE-40A9-B7DC-B5A1C67C5BDC}.Debug|Any CPU.Build.0 = Debug|Any CPU
		{0C3AFC1A-79BE-40A9-B7DC-B5A1C67C5BDC}.Release|Any CPU.ActiveCfg = Release|Any CPU
		{0C3AFC1A-79BE-40A9-B7DC-B5A1C67C5BDC}.Release|Any CPU.Build.0 = Release|Any CPU
		{08EC015C-4FFC-439F-A826-67E27AE22EC4}.Debug|Any CPU.ActiveCfg = Debug|Any CPU
		{08EC015C-4FFC-439F-A826-67E27AE22EC4}.Debug|Any CPU.Build.0 = Debug|Any CPU
		{08EC015C-4FFC-439F-A826-67E27AE22EC4}.Release|Any CPU.ActiveCfg = Release|Any CPU
		{08EC015C-4FFC-439F-A826-67E27AE22EC4}.Release|Any CPU.Build.0 = Release|Any CPU
		{26BA7EEE-FDE9-4484-BD78-5519A6C17CAA}.Debug|Any CPU.ActiveCfg = Debug|Any CPU
		{26BA7EEE-FDE9-4484-BD78-5519A6C17CAA}.Debug|Any CPU.Build.0 = Debug|Any CPU
		{26BA7EEE-FDE9-4484-BD78-5519A6C17CAA}.Release|Any CPU.ActiveCfg = Release|Any CPU
		{26BA7EEE-FDE9-4484-BD78-5519A6C17CAA}.Release|Any CPU.Build.0 = Release|Any CPU
	EndGlobalSection
EndGlobal
